schema: '2.0'
stages:
  data_ingestion:
    cmd: python src/data/data_ingestion.py
    deps:
    - path: src/data/data_ingestion.py
      hash: md5
      md5: a8627820b0e6e960089870473a0c0487
      size: 4342
    params:
      params.yaml:
        data_ingestion.test_size: 0.25
    outs:
    - path: data/raw
      hash: md5
      md5: b257d9bf2ae34fa5e21d40a79af3747e.dir
      size: 2227381
      nfiles: 2
  data_preprocessing:
    cmd: python src/data/data_preprocessing.py
    deps:
    - path: data/raw/test.csv
      hash: md5
      md5: 4a8455ba71eff9bf9426f29c8d141491
      size: 547516
    - path: data/raw/train.csv
      hash: md5
      md5: 386935db2929ab008cde44e8de707529
      size: 1679865
    - path: src/data/data_preprocessing.py
      hash: md5
      md5: daf149e1e9f9a3ca121f56a2029c5f67
      size: 3844
    outs:
    - path: data/interim
      hash: md5
      md5: b2a68e80e01e584c051ef9f4dd518189.dir
      size: 2223572
      nfiles: 2
  model_building:
    cmd: python src/model/model_building.py
    deps:
    - path: data/interim/train_processed.csv
      hash: md5
      md5: 1665f78de5fad54d45b281f247d68f88
      size: 1677080
    - path: src/model/model_building.py
      hash: md5
      md5: 8cf1ff6f86c12635c1a8d1534d5b3ea7
      size: 5657
    params:
      params.yaml:
        model_building.learning_rate: 0.07
        model_building.max_depth: 19
        model_building.max_features: 10000
        model_building.n_estimators: 463
        model_building.ngram_range:
        - 1
        - 3
    outs:
    - path: lgbm_model.pkl
      hash: md5
      md5: c2924a3f7b5a22f25382b6ea44c6db8f
      size: 4972444
    - path: tfidf_vectorizer.pkl
      hash: md5
      md5: f0b3317e1e8da2399772f4b46b3c91c4
      size: 384116
